
Microsoft Visual Studio Solution File, Format Version 12.00
# Visual Studio Version 17
VisualStudioVersion = 17.1.32228.430
MinimumVisualStudioVersion = 10.0.40219.1
Project("{FAE04EC0-301F-11D3-BF4B-00C04F79EFBC}") = "Solid-Principles", "Solid-Principles\Solid-Principles.csproj", "{AD21C70A-21B2-4EA9-B15F-77338A6ECA4B}"
EndProject
Global
	GlobalSection(SolutionConfigurationPlatforms) = preSolution
		Debug|Any CPU = Debug|Any CPU
		Release|Any CPU = Release|Any CPU
	EndGlobalSection
	GlobalSection(ProjectConfigurationPlatforms) = postSolution
		{AD21C70A-21B2-4EA9-B15F-77338A6ECA4B}.Debug|Any CPU.ActiveCfg = Debug|Any CPU
		{AD21C70A-21B2-4EA9-B15F-77338A6ECA4B}.Debug|Any CPU.Build.0 = Debug|Any CPU
		{AD21C70A-21B2-4EA9-B15F-77338A6ECA4B}.Release|Any CPU.ActiveCfg = Release|Any CPU
		{AD21C70A-21B2-4EA9-B15F-77338A6ECA4B}.Release|Any CPU.Build.0 = Release|Any CPU
	EndGlobalSection
	GlobalSection(SolutionProperties) = preSolution
		HideSolutionNode = FALSE
	EndGlobalSection
	GlobalSection(ExtensibilityGlobals) = postSolution
		SolutionGuid = {37F98E98-034A-4D3F-9610-D6692D2EE9F3}
	EndGlobalSection
EndGlobal
