
Microsoft Visual Studio Solution File, Format Version 12.00
# Visual Studio Version 17
VisualStudioVersion = 17.1.32228.430
MinimumVisualStudioVersion = 10.0.40219.1
Project("{9A19103F-16F7-4668-BE54-9A1E7A4F7556}") = "Solid-Principles", "Solid-Principles\Solid-Principles.csproj", "{AD21C70A-21B2-4EA9-B15F-77338A6ECA4B}"
EndProject
Project("{FAE04EC0-301F-11D3-BF4B-00C04F79EFBC}") = "Open-Closed-Principle", "Open-Closed-Principle\Open-Closed-Principle.csproj", "{64603C2B-1C79-49D4-ABF2-886399BADA38}"
EndProject
Project("{FAE04EC0-301F-11D3-BF4B-00C04F79EFBC}") = "Liskov-Substitution-Principle", "Liskov-Substitution-Principle\Liskov-Substitution-Principle.csproj", "{6FBB9D38-EAEE-4CA0-B00F-8A7E77CCEAE2}"
EndProject
Project("{FAE04EC0-301F-11D3-BF4B-00C04F79EFBC}") = "Interface-Segregation-Principle", "Interface-Segregation-Principle\Interface-Segregation-Principle.csproj", "{6A4FEBA4-DBDF-4724-96B5-8A76E65D5178}"
EndProject
Project("{FAE04EC0-301F-11D3-BF4B-00C04F79EFBC}") = "Dependency-Inversion-Principle", "Dependency-Inversion-Principle\Dependency-Inversion-Principle.csproj", "{099F5107-B16C-4092-AE68-6A746EAD6AD9}"
EndProject
Global
	GlobalSection(SolutionConfigurationPlatforms) = preSolution
		Debug|Any CPU = Debug|Any CPU
		Release|Any CPU = Release|Any CPU
	EndGlobalSection
	GlobalSection(ProjectConfigurationPlatforms) = postSolution
		{AD21C70A-21B2-4EA9-B15F-77338A6ECA4B}.Debug|Any CPU.ActiveCfg = Debug|Any CPU
		{AD21C70A-21B2-4EA9-B15F-77338A6ECA4B}.Debug|Any CPU.Build.0 = Debug|Any CPU
		{AD21C70A-21B2-4EA9-B15F-77338A6ECA4B}.Release|Any CPU.ActiveCfg = Release|Any CPU
		{AD21C70A-21B2-4EA9-B15F-77338A6ECA4B}.Release|Any CPU.Build.0 = Release|Any CPU
		{64603C2B-1C79-49D4-ABF2-886399BADA38}.Debug|Any CPU.ActiveCfg = Debug|Any CPU
		{64603C2B-1C79-49D4-ABF2-886399BADA38}.Debug|Any CPU.Build.0 = Debug|Any CPU
		{64603C2B-1C79-49D4-ABF2-886399BADA38}.Release|Any CPU.ActiveCfg = Release|Any CPU
		{64603C2B-1C79-49D4-ABF2-886399BADA38}.Release|Any CPU.Build.0 = Release|Any CPU
		{6FBB9D38-EAEE-4CA0-B00F-8A7E77CCEAE2}.Debug|Any CPU.ActiveCfg = Debug|Any CPU
		{6FBB9D38-EAEE-4CA0-B00F-8A7E77CCEAE2}.Debug|Any CPU.Build.0 = Debug|Any CPU
		{6FBB9D38-EAEE-4CA0-B00F-8A7E77CCEAE2}.Release|Any CPU.ActiveCfg = Release|Any CPU
		{6FBB9D38-EAEE-4CA0-B00F-8A7E77CCEAE2}.Release|Any CPU.Build.0 = Release|Any CPU
		{6A4FEBA4-DBDF-4724-96B5-8A76E65D5178}.Debug|Any CPU.ActiveCfg = Debug|Any CPU
		{6A4FEBA4-DBDF-4724-96B5-8A76E65D5178}.Debug|Any CPU.Build.0 = Debug|Any CPU
		{6A4FEBA4-DBDF-4724-96B5-8A76E65D5178}.Release|Any CPU.ActiveCfg = Release|Any CPU
		{6A4FEBA4-DBDF-4724-96B5-8A76E65D5178}.Release|Any CPU.Build.0 = Release|Any CPU
		{099F5107-B16C-4092-AE68-6A746EAD6AD9}.Debug|Any CPU.ActiveCfg = Debug|Any CPU
		{099F5107-B16C-4092-AE68-6A746EAD6AD9}.Debug|Any CPU.Build.0 = Debug|Any CPU
		{099F5107-B16C-4092-AE68-6A746EAD6AD9}.Release|Any CPU.ActiveCfg = Release|Any CPU
		{099F5107-B16C-4092-AE68-6A746EAD6AD9}.Release|Any CPU.Build.0 = Release|Any CPU
	EndGlobalSection
	GlobalSection(SolutionProperties) = preSolution
		HideSolutionNode = FALSE
	EndGlobalSection
	GlobalSection(ExtensibilityGlobals) = postSolution
		SolutionGuid = {37F98E98-034A-4D3F-9610-D6692D2EE9F3}
	EndGlobalSection
EndGlobal
