
Microsoft Visual Studio Solution File, Format Version 12.00
# Visual Studio Version 17
VisualStudioVersion = 17.1.32228.430
MinimumVisualStudioVersion = 10.0.40219.1
Project("{FAE04EC0-301F-11D3-BF4B-00C04F79EFBC}") = "Builder", "Builder\Builder.csproj", "{B7393ACA-CCEA-4B03-A3A4-1239CA193360}"
EndProject
Project("{FAE04EC0-301F-11D3-BF4B-00C04F79EFBC}") = "Builder-Inheritance", "Builder-Inheritance\Builder-Inheritance.csproj", "{40B486F7-300C-4730-BCA4-4DDF0410B492}"
EndProject
Project("{FAE04EC0-301F-11D3-BF4B-00C04F79EFBC}") = "Stepwise-Builder", "Stepwise-Builder\Stepwise-Builder.csproj", "{AF6F201B-F4DE-4FDC-A9BF-9CF31B75097E}"
EndProject
Global
	GlobalSection(SolutionConfigurationPlatforms) = preSolution
		Debug|Any CPU = Debug|Any CPU
		Release|Any CPU = Release|Any CPU
	EndGlobalSection
	GlobalSection(ProjectConfigurationPlatforms) = postSolution
		{B7393ACA-CCEA-4B03-A3A4-1239CA193360}.Debug|Any CPU.ActiveCfg = Debug|Any CPU
		{B7393ACA-CCEA-4B03-A3A4-1239CA193360}.Debug|Any CPU.Build.0 = Debug|Any CPU
		{B7393ACA-CCEA-4B03-A3A4-1239CA193360}.Release|Any CPU.ActiveCfg = Release|Any CPU
		{B7393ACA-CCEA-4B03-A3A4-1239CA193360}.Release|Any CPU.Build.0 = Release|Any CPU
		{40B486F7-300C-4730-BCA4-4DDF0410B492}.Debug|Any CPU.ActiveCfg = Debug|Any CPU
		{40B486F7-300C-4730-BCA4-4DDF0410B492}.Debug|Any CPU.Build.0 = Debug|Any CPU
		{40B486F7-300C-4730-BCA4-4DDF0410B492}.Release|Any CPU.ActiveCfg = Release|Any CPU
		{40B486F7-300C-4730-BCA4-4DDF0410B492}.Release|Any CPU.Build.0 = Release|Any CPU
		{AF6F201B-F4DE-4FDC-A9BF-9CF31B75097E}.Debug|Any CPU.ActiveCfg = Debug|Any CPU
		{AF6F201B-F4DE-4FDC-A9BF-9CF31B75097E}.Debug|Any CPU.Build.0 = Debug|Any CPU
		{AF6F201B-F4DE-4FDC-A9BF-9CF31B75097E}.Release|Any CPU.ActiveCfg = Release|Any CPU
		{AF6F201B-F4DE-4FDC-A9BF-9CF31B75097E}.Release|Any CPU.Build.0 = Release|Any CPU
	EndGlobalSection
	GlobalSection(SolutionProperties) = preSolution
		HideSolutionNode = FALSE
	EndGlobalSection
	GlobalSection(ExtensibilityGlobals) = postSolution
		SolutionGuid = {9A3E0C89-2526-4B80-AE79-D2B06A23518C}
	EndGlobalSection
EndGlobal
